{
  "name": "angular-branch-app",
  "version": "1.0.0",
  "lockfileVersion": 1,
  "dependencies": {
    "@angular/animations": {
      "version": "4.2.6",
      "resolved": "http://185.43.210.244:4873/@angular%2fanimations/-/animations-4.2.6.tgz",
      "integrity": "sha1-nZyAoRmwwDaTy9I7uvcosVMf/8c="
    },
    "@angular/common": {
      "version": "4.2.6",
      "resolved": "http://185.43.210.244:4873/@angular%2fcommon/-/common-4.2.6.tgz",
      "integrity": "sha1-IQrOS9JON1+LQbpS/rNLGKiH1do="
    },
    "@angular/compiler": {
      "version": "4.2.6",
      "resolved": "http://185.43.210.244:4873/@angular%2fcompiler/-/compiler-4.2.6.tgz",
      "integrity": "sha1-ZndW1JXKDUXSBhJooQ1Sr4Ofr/Q="
    },
    "@angular/compiler-cli": {
      "version": "4.2.6",
      "resolved": "http://185.43.210.244:4873/@angular%2fcompiler-cli/-/compiler-cli-4.2.6.tgz",
      "integrity": "sha1-iiE1Ipnz69Hj8XWBBUFkVmyjBr4="
    },
    "@angular/core": {
      "version": "4.2.6",
      "resolved": "http://185.43.210.244:4873/@angular%2fcore/-/core-4.2.6.tgz",
      "integrity": "sha1-DByP8BV/B29KfAtyHKFCPxu+Fk4="
    },
    "@angular/forms": {
      "version": "4.2.6",
      "resolved": "http://185.43.210.244:4873/@angular%2fforms/-/forms-4.2.6.tgz",
      "integrity": "sha1-nTI5lgjkYDu/GXQXqluU6ApGfrA="
    },
    "@angular/http": {
      "version": "4.2.6",
      "resolved": "http://185.43.210.244:4873/@angular%2fhttp/-/http-4.2.6.tgz",
      "integrity": "sha1-SZ4roLvB89cbdt6+wDTJWMrxE04="
    },
    "@angular/platform-browser": {
      "version": "4.2.6",
      "resolved": "http://185.43.210.244:4873/@angular%2fplatform-browser/-/platform-browser-4.2.6.tgz",
      "integrity": "sha1-oTH/WSIl/mSWvKLJr/YSpNvd9Dc="
    },
    "@angular/platform-browser-dynamic": {
      "version": "4.2.6",
      "resolved": "http://185.43.210.244:4873/@angular%2fplatform-browser-dynamic/-/platform-browser-dynamic-4.2.6.tgz",
      "integrity": "sha1-TmyK0s1c/BeIBBf3fyo0E895HCY="
    },
    "@angular/platform-server": {
      "version": "4.2.6",
      "resolved": "http://185.43.210.244:4873/@angular%2fplatform-server/-/platform-server-4.2.6.tgz",
      "integrity": "sha1-ZuA/2FVIb+BY4j03hgYdkUYpmNs="
    },
    "@angular/router": {
      "version": "4.2.6",
      "resolved": "http://185.43.210.244:4873/@angular%2frouter/-/router-4.2.6.tgz",
      "integrity": "sha1-ppGdm2HEX/wV++5ZM5jj/VMtq0Y="
    },
    "@angular/tsc-wrapped": {
      "version": "4.2.6",
      "resolved": "http://185.43.210.244:4873/@angular%2ftsc-wrapped/-/tsc-wrapped-4.2.6.tgz",
      "integrity": "sha1-YORLWzjzNA7hTFSlinoHEzxk6Jg="
    },
    "@ng-bootstrap/ng-bootstrap": {
      "version": "1.0.0-alpha.29",
      "resolved": "http://185.43.210.244:4873/@ng-bootstrap%2fng-bootstrap/-/ng-bootstrap-1.0.0-alpha.29.tgz",
      "integrity": "sha1-yi+h0t2U6PB3kh5Z14rFEHW83NY="
    },
    "@ngx-translate/core": {
      "version": "7.1.0",
      "resolved": "http://185.43.210.244:4873/@ngx-translate%2fcore/-/core-7.1.0.tgz",
      "integrity": "sha1-UIemXI/zEuQkTKBkbtRc3oOxcM0="
    },
    "@ngx-translate/http-loader": {
      "version": "0.1.0",
      "resolved": "http://185.43.210.244:4873/@ngx-translate%2fhttp-loader/-/http-loader-0.1.0.tgz",
      "integrity": "sha1-YCkyVWHXho/jJaQZ3idw6Y/xUC4="
    },
    "@types/jquery": {
      "version": "3.2.10",
      "resolved": "http://185.43.210.244:4873/@types%2fjquery/-/jquery-3.2.10.tgz",
      "integrity": "sha512-VtD/+VgsQMY+rmibce1HhXeF47eFkbv/D+7BmQdl8yu0Wo2LW1yV69cAPKhFHdW2kmTi9W8nl2GNBz2WQoGFag==",
      "dev": true
    },
    "@types/node": {
      "version": "6.0.85",
      "resolved": "http://185.43.210.244:4873/@types%2fnode/-/node-6.0.85.tgz",
      "integrity": "sha512-6qLZpfQFO/g5Ns2e7RsW6brk0Q6Xzwiw7kVVU/XiQNOiJXSojhX76GP457PBYIsNMH2WfcGgcnZB4awFDHrwpA=="
    },
    "angular-in-memory-web-api": {
      "version": "0.3.2",
      "resolved": "http://185.43.210.244:4873/angular-in-memory-web-api/-/angular-in-memory-web-api-0.3.2.tgz",
      "integrity": "sha1-iDbZ4lNNN7co88taHK9v4ef7vs0="
    },
    "bootstrap": {
      "version": "4.0.0-alpha.6",
      "resolved": "http://185.43.210.244:4873/bootstrap/-/bootstrap-4.0.0-alpha.6.tgz",
      "integrity": "sha1-T1TdM6wN6sOyhAe8LffsYIhpycg="
    },
    "core-js": {
      "version": "2.4.1",
      "resolved": "http://185.43.210.244:4873/core-js/-/core-js-2.4.1.tgz",
      "integrity": "sha1-TekR5mew6ukSTjQlS1OupvxhjT4="
    },
    "jquery": {
      "version": "3.2.1",
      "resolved": "http://185.43.210.244:4873/jquery/-/jquery-3.2.1.tgz",
      "integrity": "sha1-XE2d5lKvbNCncBVKYxu6ErAVx4c="
    },
    "minimist": {
      "version": "1.2.0",
      "resolved": "http://185.43.210.244:4873/minimist/-/minimist-1.2.0.tgz",
      "integrity": "sha1-o1AIsg9BOD7sH7kU9M1d95omQoQ="
    },
    "mkdirp": {
      "version": "0.5.1",
      "resolved": "http://185.43.210.244:4873/mkdirp/-/mkdirp-0.5.1.tgz",
      "integrity": "sha1-MAV0OOrGz3+MR2fzhkjWaX11yQM=",
      "dependencies": {
        "minimist": {
          "version": "0.0.8",
          "resolved": "http://185.43.210.244:4873/minimist/-/minimist-0.0.8.tgz",
          "integrity": "sha1-hX/Kv8M5fSYluCKCYuhqp6ARsF0="
        }
      }
    },
    "parse5": {
      "version": "3.0.2",
      "resolved": "http://185.43.210.244:4873/parse5/-/parse5-3.0.2.tgz",
      "integrity": "sha1-Be/1fw70V3+xRKefi5qWemzERRA="
    },
    "reflect-metadata": {
      "version": "0.1.10",
      "resolved": "http://185.43.210.244:4873/reflect-metadata/-/reflect-metadata-0.1.10.tgz",
      "integrity": "sha1-tPg3BEFqytiZiMmxVjXUfgO5NEo="
    },
    "rxjs": {
      "version": "5.4.2",
      "resolved": "http://185.43.210.244:4873/rxjs/-/rxjs-5.4.2.tgz",
      "integrity": "sha1-KjI2/L8D31e64G/Wly/ZnlwI/Pc="
    },
    "source-map": {
      "version": "0.5.6",
      "resolved": "http://185.43.210.244:4873/source-map/-/source-map-0.5.6.tgz",
      "integrity": "sha1-dc449SvwczxafwwRjYEzSiu19BI="
    },
    "source-map-support": {
      "version": "0.4.15",
      "resolved": "http://185.43.210.244:4873/source-map-support/-/source-map-support-0.4.15.tgz",
      "integrity": "sha1-AyAt9lwG0r2MfsI2KhkwVv7407E="
    },
    "symbol-observable": {
      "version": "1.0.4",
      "resolved": "http://185.43.210.244:4873/symbol-observable/-/symbol-observable-1.0.4.tgz",
      "integrity": "sha1-Kb9hXUqnEhvdiYsi1LP5vE4qoD0="
    },
    "systemjs": {
      "version": "0.19.39",
      "resolved": "http://185.43.210.244:4873/systemjs/-/systemjs-0.19.39.tgz",
      "integrity": "sha1-5RPm+Rolo3uLYHxRx5ie4NZ7k1Y="
    },
    "tether": {
      "version": "1.4.0",
      "resolved": "http://185.43.210.244:4873/tether/-/tether-1.4.0.tgz",
      "integrity": "sha1-D5+hcfdb9YSF2BSelHmdeudNHBo="
    },
    "tsickle": {
      "version": "0.21.6",
      "resolved": "http://185.43.210.244:4873/tsickle/-/tsickle-0.21.6.tgz",
      "integrity": "sha1-U7Abl5xcE/2xOvs/uVgXflmRWI0="
    },
    "tslib": {
      "version": "1.7.1",
      "resolved": "http://185.43.210.244:4873/tslib/-/tslib-1.7.1.tgz",
      "integrity": "sha1-vIAEFkaRkjp5/oN4u+s9ogF1OOw="
    },
    "when": {
      "version": "3.7.8",
      "resolved": "http://185.43.210.244:4873/when/-/when-3.7.8.tgz",
      "integrity": "sha1-xxMLan6gRpPoQs3J56Hyqjmjn4I="
    },
    "xhr2": {
      "version": "0.1.4",
      "resolved": "http://185.43.210.244:4873/xhr2/-/xhr2-0.1.4.tgz",
      "integrity": "sha1-f4dliEdxbbUCYyOBL4GMras4el8="
    },
    "zone.js": {
      "version": "0.8.14",
      "resolved": "http://185.43.210.244:4873/zone.js/-/zone.js-0.8.14.tgz",
      "integrity": "sha1-DE2ySxeCMidMy0P3jJnbfzZCts8="
    }
  }
}
